
Microsoft Visual Studio Solution File, Format Version 12.00
# Visual Studio 14
VisualStudioVersion = 14.0.25420.1
MinimumVisualStudioVersion = 10.0.40219.1
Project("{FAE04EC0-301F-11D3-BF4B-00C04F79EFBC}") = "NutzCode.CloudFileSystem.DokanClient", "NutzCode.CloudFileSystem.DokanClient\NutzCode.CloudFileSystem.DokanClient.csproj", "{7C01BEC3-9379-4BD2-80C6-D3863ED2C9C8}"
EndProject
Project("{FAE04EC0-301F-11D3-BF4B-00C04F79EFBC}") = "NutzCode.CloudFileSystem.DokanClientService", "NutzCode.CloudFileSystem.DokanClientService\NutzCode.CloudFileSystem.DokanClientService.csproj", "{61CE1822-023B-4111-AA53-62C773DAD807}"
EndProject
Project("{FAE04EC0-301F-11D3-BF4B-00C04F79EFBC}") = "NutzCode.CloudFileSystem.DokanServiceControl", "NutzCode.CloudFileSystem.DokanServiceControl\NutzCode.CloudFileSystem.DokanServiceControl.csproj", "{81A567AE-AC51-40B7-9F1F-3616888656DF}"
EndProject
Project("{FAE04EC0-301F-11D3-BF4B-00C04F79EFBC}") = "NutzCode.CloudFileSystem.DokanServiceModels", "NutzCode.CloudFileSystem.DokanServiceModels\NutzCode.CloudFileSystem.DokanServiceModels.csproj", "{617B3790-420B-4399-B84C-39EA01897641}"
EndProject
Project("{FAE04EC0-301F-11D3-BF4B-00C04F79EFBC}") = "NutzCode.CloudFileSystem.DokanCloudService", "NutzCode.CloudFileSystem.DokanCloudService\NutzCode.CloudFileSystem.DokanCloudService.csproj", "{9DB16231-E9B4-48BF-B0E0-89935B4ED879}"
EndProject
Project("{2150E333-8FDC-42A3-9474-1A3956D46DE8}") = "CloudFileSystem", "CloudFileSystem", "{D9E0722B-A07D-43BC-83D0-96D7C25B494B}"
EndProject
Project("{2150E333-8FDC-42A3-9474-1A3956D46DE8}") = "Libraries", "Libraries", "{2FEC04A2-5DD2-453E-8EF9-EA233C486090}"
EndProject
Project("{2150E333-8FDC-42A3-9474-1A3956D46DE8}") = "OAuthForms", "OAuthForms", "{A96DD980-2FE0-4791-A9E6-82C746AC2E75}"
EndProject
Project("{FAE04EC0-301F-11D3-BF4B-00C04F79EFBC}") = "NutzCode.CloudFileSystem.OAuth.Windows.Awesomium", "NutzCode.CloudFileSystem\NutzCode.CloudFileSystem.OAuth.Windows.Awesomium\NutzCode.CloudFileSystem.OAuth.Windows.Awesomium.csproj", "{F9FF042F-F6E6-4C36-A917-34BF0F5AB187}"
EndProject
Project("{FAE04EC0-301F-11D3-BF4B-00C04F79EFBC}") = "NutzCode.CloudFileSystem.OAuth.Windows.WinForms", "NutzCode.CloudFileSystem\NutzCode.CloudFileSystem.OAuth.Windows.WinForms\NutzCode.CloudFileSystem.OAuth.Windows.WinForms.csproj", "{DEC4BFB0-14CD-4622-B1E0-AC97ACA64F8F}"
EndProject
Project("{2150E333-8FDC-42A3-9474-1A3956D46DE8}") = "Plugins", "Plugins", "{2129FDC5-E2D2-4CBF-8303-5EA81AEDDDCE}"
EndProject
Project("{FAE04EC0-301F-11D3-BF4B-00C04F79EFBC}") = "NutzCode.CloudFileSystem.Plugins.AmazonCloudDrive", "NutzCode.CloudFileSystem\NutzCode.CloudFileSystem.Plugins.AmazonCloudDrive\NutzCode.CloudFileSystem.Plugins.AmazonCloudDrive.csproj", "{D202B61E-A658-4208-83FC-745E04F43BDE}"
EndProject
Project("{FAE04EC0-301F-11D3-BF4B-00C04F79EFBC}") = "NutzCode.CloudFileSystem.Plugins.GoogleDrive", "NutzCode.CloudFileSystem\NutzCode.CloudFileSystem.Plugins.GoogleDrive\NutzCode.CloudFileSystem.Plugins.GoogleDrive.csproj", "{964A62E6-2DAE-4723-926D-D3E9597B5213}"
EndProject
Project("{FAE04EC0-301F-11D3-BF4B-00C04F79EFBC}") = "NutzCode.CloudFileSystem.Plugins.LocalFileSystem", "NutzCode.CloudFileSystem\NutzCode.CloudFileSystem.Plugins.LocalFileSystem\NutzCode.CloudFileSystem.Plugins.LocalFileSystem.csproj", "{2A705C96-21D4-4061-876F-1BB954E39D25}"
EndProject
Project("{FAE04EC0-301F-11D3-BF4B-00C04F79EFBC}") = "NutzCode.CloudFileSystem", "NutzCode.CloudFileSystem\NutzCode.CloudFileSystem\NutzCode.CloudFileSystem.csproj", "{29861D1A-968C-49CA-A637-88B391AA5063}"
EndProject
Project("{FAE04EC0-301F-11D3-BF4B-00C04F79EFBC}") = "NutzCode.Libraries.Web", "NutzCode.CloudFileSystem\NutzCode.Libraries.Web\NutzCode.Libraries.Web.csproj", "{865C8B13-EB43-439E-9D69-CE7B54DCA4FF}"
EndProject
Global
	GlobalSection(SolutionConfigurationPlatforms) = preSolution
		Debug|Any CPU = Debug|Any CPU
		Debug|x64 = Debug|x64
		Debug|x86 = Debug|x86
		Release|Any CPU = Release|Any CPU
		Release|x64 = Release|x64
		Release|x86 = Release|x86
	EndGlobalSection
	GlobalSection(ProjectConfigurationPlatforms) = postSolution
		{7C01BEC3-9379-4BD2-80C6-D3863ED2C9C8}.Debug|Any CPU.ActiveCfg = Debug|Any CPU
		{7C01BEC3-9379-4BD2-80C6-D3863ED2C9C8}.Debug|Any CPU.Build.0 = Debug|Any CPU
		{7C01BEC3-9379-4BD2-80C6-D3863ED2C9C8}.Debug|x64.ActiveCfg = Debug|Any CPU
		{7C01BEC3-9379-4BD2-80C6-D3863ED2C9C8}.Debug|x64.Build.0 = Debug|Any CPU
		{7C01BEC3-9379-4BD2-80C6-D3863ED2C9C8}.Debug|x86.ActiveCfg = Debug|Any CPU
		{7C01BEC3-9379-4BD2-80C6-D3863ED2C9C8}.Debug|x86.Build.0 = Debug|Any CPU
		{7C01BEC3-9379-4BD2-80C6-D3863ED2C9C8}.Release|Any CPU.ActiveCfg = Release|Any CPU
		{7C01BEC3-9379-4BD2-80C6-D3863ED2C9C8}.Release|Any CPU.Build.0 = Release|Any CPU
		{7C01BEC3-9379-4BD2-80C6-D3863ED2C9C8}.Release|x64.ActiveCfg = Release|Any CPU
		{7C01BEC3-9379-4BD2-80C6-D3863ED2C9C8}.Release|x64.Build.0 = Release|Any CPU
		{7C01BEC3-9379-4BD2-80C6-D3863ED2C9C8}.Release|x86.ActiveCfg = Release|Any CPU
		{7C01BEC3-9379-4BD2-80C6-D3863ED2C9C8}.Release|x86.Build.0 = Release|Any CPU
		{61CE1822-023B-4111-AA53-62C773DAD807}.Debug|Any CPU.ActiveCfg = Debug|Any CPU
		{61CE1822-023B-4111-AA53-62C773DAD807}.Debug|Any CPU.Build.0 = Debug|Any CPU
		{61CE1822-023B-4111-AA53-62C773DAD807}.Debug|x64.ActiveCfg = Debug|Any CPU
		{61CE1822-023B-4111-AA53-62C773DAD807}.Debug|x64.Build.0 = Debug|Any CPU
		{61CE1822-023B-4111-AA53-62C773DAD807}.Debug|x86.ActiveCfg = Debug|Any CPU
		{61CE1822-023B-4111-AA53-62C773DAD807}.Debug|x86.Build.0 = Debug|Any CPU
		{61CE1822-023B-4111-AA53-62C773DAD807}.Release|Any CPU.ActiveCfg = Release|Any CPU
		{61CE1822-023B-4111-AA53-62C773DAD807}.Release|Any CPU.Build.0 = Release|Any CPU
		{61CE1822-023B-4111-AA53-62C773DAD807}.Release|x64.ActiveCfg = Release|Any CPU
		{61CE1822-023B-4111-AA53-62C773DAD807}.Release|x64.Build.0 = Release|Any CPU
		{61CE1822-023B-4111-AA53-62C773DAD807}.Release|x86.ActiveCfg = Release|Any CPU
		{61CE1822-023B-4111-AA53-62C773DAD807}.Release|x86.Build.0 = Release|Any CPU
		{81A567AE-AC51-40B7-9F1F-3616888656DF}.Debug|Any CPU.ActiveCfg = Debug|Any CPU
		{81A567AE-AC51-40B7-9F1F-3616888656DF}.Debug|Any CPU.Build.0 = Debug|Any CPU
		{81A567AE-AC51-40B7-9F1F-3616888656DF}.Debug|x64.ActiveCfg = Debug|Any CPU
		{81A567AE-AC51-40B7-9F1F-3616888656DF}.Debug|x64.Build.0 = Debug|Any CPU
		{81A567AE-AC51-40B7-9F1F-3616888656DF}.Debug|x86.ActiveCfg = Debug|Any CPU
		{81A567AE-AC51-40B7-9F1F-3616888656DF}.Debug|x86.Build.0 = Debug|Any CPU
		{81A567AE-AC51-40B7-9F1F-3616888656DF}.Release|Any CPU.ActiveCfg = Release|Any CPU
		{81A567AE-AC51-40B7-9F1F-3616888656DF}.Release|Any CPU.Build.0 = Release|Any CPU
		{81A567AE-AC51-40B7-9F1F-3616888656DF}.Release|x64.ActiveCfg = Release|Any CPU
		{81A567AE-AC51-40B7-9F1F-3616888656DF}.Release|x64.Build.0 = Release|Any CPU
		{81A567AE-AC51-40B7-9F1F-3616888656DF}.Release|x86.ActiveCfg = Release|Any CPU
		{81A567AE-AC51-40B7-9F1F-3616888656DF}.Release|x86.Build.0 = Release|Any CPU
		{617B3790-420B-4399-B84C-39EA01897641}.Debug|Any CPU.ActiveCfg = Debug|Any CPU
		{617B3790-420B-4399-B84C-39EA01897641}.Debug|Any CPU.Build.0 = Debug|Any CPU
		{617B3790-420B-4399-B84C-39EA01897641}.Debug|x64.ActiveCfg = Debug|Any CPU
		{617B3790-420B-4399-B84C-39EA01897641}.Debug|x64.Build.0 = Debug|Any CPU
		{617B3790-420B-4399-B84C-39EA01897641}.Debug|x86.ActiveCfg = Debug|Any CPU
		{617B3790-420B-4399-B84C-39EA01897641}.Debug|x86.Build.0 = Debug|Any CPU
		{617B3790-420B-4399-B84C-39EA01897641}.Release|Any CPU.ActiveCfg = Release|Any CPU
		{617B3790-420B-4399-B84C-39EA01897641}.Release|Any CPU.Build.0 = Release|Any CPU
		{617B3790-420B-4399-B84C-39EA01897641}.Release|x64.ActiveCfg = Release|Any CPU
		{617B3790-420B-4399-B84C-39EA01897641}.Release|x64.Build.0 = Release|Any CPU
		{617B3790-420B-4399-B84C-39EA01897641}.Release|x86.ActiveCfg = Release|Any CPU
		{617B3790-420B-4399-B84C-39EA01897641}.Release|x86.Build.0 = Release|Any CPU
		{9DB16231-E9B4-48BF-B0E0-89935B4ED879}.Debug|Any CPU.ActiveCfg = Debug|Any CPU
		{9DB16231-E9B4-48BF-B0E0-89935B4ED879}.Debug|Any CPU.Build.0 = Debug|Any CPU
		{9DB16231-E9B4-48BF-B0E0-89935B4ED879}.Debug|x64.ActiveCfg = Debug|Any CPU
		{9DB16231-E9B4-48BF-B0E0-89935B4ED879}.Debug|x64.Build.0 = Debug|Any CPU
		{9DB16231-E9B4-48BF-B0E0-89935B4ED879}.Debug|x86.ActiveCfg = Debug|Any CPU
		{9DB16231-E9B4-48BF-B0E0-89935B4ED879}.Debug|x86.Build.0 = Debug|Any CPU
		{9DB16231-E9B4-48BF-B0E0-89935B4ED879}.Release|Any CPU.ActiveCfg = Release|Any CPU
		{9DB16231-E9B4-48BF-B0E0-89935B4ED879}.Release|Any CPU.Build.0 = Release|Any CPU
		{9DB16231-E9B4-48BF-B0E0-89935B4ED879}.Release|x64.ActiveCfg = Release|Any CPU
		{9DB16231-E9B4-48BF-B0E0-89935B4ED879}.Release|x64.Build.0 = Release|Any CPU
		{9DB16231-E9B4-48BF-B0E0-89935B4ED879}.Release|x86.ActiveCfg = Release|Any CPU
		{9DB16231-E9B4-48BF-B0E0-89935B4ED879}.Release|x86.Build.0 = Release|Any CPU
		{F9FF042F-F6E6-4C36-A917-34BF0F5AB187}.Debug|Any CPU.ActiveCfg = Debug|Any CPU
		{F9FF042F-F6E6-4C36-A917-34BF0F5AB187}.Debug|Any CPU.Build.0 = Debug|Any CPU
		{F9FF042F-F6E6-4C36-A917-34BF0F5AB187}.Debug|x64.ActiveCfg = Debug|Any CPU
		{F9FF042F-F6E6-4C36-A917-34BF0F5AB187}.Debug|x64.Build.0 = Debug|Any CPU
		{F9FF042F-F6E6-4C36-A917-34BF0F5AB187}.Debug|x86.ActiveCfg = Debug|Any CPU
		{F9FF042F-F6E6-4C36-A917-34BF0F5AB187}.Debug|x86.Build.0 = Debug|Any CPU
		{F9FF042F-F6E6-4C36-A917-34BF0F5AB187}.Release|Any CPU.ActiveCfg = Release|Any CPU
		{F9FF042F-F6E6-4C36-A917-34BF0F5AB187}.Release|Any CPU.Build.0 = Release|Any CPU
		{F9FF042F-F6E6-4C36-A917-34BF0F5AB187}.Release|x64.ActiveCfg = Release|Any CPU
		{F9FF042F-F6E6-4C36-A917-34BF0F5AB187}.Release|x64.Build.0 = Release|Any CPU
		{F9FF042F-F6E6-4C36-A917-34BF0F5AB187}.Release|x86.ActiveCfg = Release|Any CPU
		{F9FF042F-F6E6-4C36-A917-34BF0F5AB187}.Release|x86.Build.0 = Release|Any CPU
		{DEC4BFB0-14CD-4622-B1E0-AC97ACA64F8F}.Debug|Any CPU.ActiveCfg = Debug|Any CPU
		{DEC4BFB0-14CD-4622-B1E0-AC97ACA64F8F}.Debug|Any CPU.Build.0 = Debug|Any CPU
		{DEC4BFB0-14CD-4622-B1E0-AC97ACA64F8F}.Debug|x64.ActiveCfg = Debug|Any CPU
		{DEC4BFB0-14CD-4622-B1E0-AC97ACA64F8F}.Debug|x64.Build.0 = Debug|Any CPU
		{DEC4BFB0-14CD-4622-B1E0-AC97ACA64F8F}.Debug|x86.ActiveCfg = Debug|Any CPU
		{DEC4BFB0-14CD-4622-B1E0-AC97ACA64F8F}.Debug|x86.Build.0 = Debug|Any CPU
		{DEC4BFB0-14CD-4622-B1E0-AC97ACA64F8F}.Release|Any CPU.ActiveCfg = Release|Any CPU
		{DEC4BFB0-14CD-4622-B1E0-AC97ACA64F8F}.Release|Any CPU.Build.0 = Release|Any CPU
		{DEC4BFB0-14CD-4622-B1E0-AC97ACA64F8F}.Release|x64.ActiveCfg = Release|Any CPU
		{DEC4BFB0-14CD-4622-B1E0-AC97ACA64F8F}.Release|x64.Build.0 = Release|Any CPU
		{DEC4BFB0-14CD-4622-B1E0-AC97ACA64F8F}.Release|x86.ActiveCfg = Release|Any CPU
		{DEC4BFB0-14CD-4622-B1E0-AC97ACA64F8F}.Release|x86.Build.0 = Release|Any CPU
		{D202B61E-A658-4208-83FC-745E04F43BDE}.Debug|Any CPU.ActiveCfg = Debug|Any CPU
		{D202B61E-A658-4208-83FC-745E04F43BDE}.Debug|Any CPU.Build.0 = Debug|Any CPU
		{D202B61E-A658-4208-83FC-745E04F43BDE}.Debug|x64.ActiveCfg = Debug|x64
		{D202B61E-A658-4208-83FC-745E04F43BDE}.Debug|x64.Build.0 = Debug|x64
		{D202B61E-A658-4208-83FC-745E04F43BDE}.Debug|x86.ActiveCfg = Debug|x86
		{D202B61E-A658-4208-83FC-745E04F43BDE}.Debug|x86.Build.0 = Debug|x86
		{D202B61E-A658-4208-83FC-745E04F43BDE}.Release|Any CPU.ActiveCfg = Release|Any CPU
		{D202B61E-A658-4208-83FC-745E04F43BDE}.Release|Any CPU.Build.0 = Release|Any CPU
		{D202B61E-A658-4208-83FC-745E04F43BDE}.Release|x64.ActiveCfg = Release|x64
		{D202B61E-A658-4208-83FC-745E04F43BDE}.Release|x64.Build.0 = Release|x64
		{D202B61E-A658-4208-83FC-745E04F43BDE}.Release|x86.ActiveCfg = Release|x86
		{D202B61E-A658-4208-83FC-745E04F43BDE}.Release|x86.Build.0 = Release|x86
		{964A62E6-2DAE-4723-926D-D3E9597B5213}.Debug|Any CPU.ActiveCfg = Debug|Any CPU
		{964A62E6-2DAE-4723-926D-D3E9597B5213}.Debug|Any CPU.Build.0 = Debug|Any CPU
		{964A62E6-2DAE-4723-926D-D3E9597B5213}.Debug|x64.ActiveCfg = Debug|Any CPU
		{964A62E6-2DAE-4723-926D-D3E9597B5213}.Debug|x64.Build.0 = Debug|Any CPU
		{964A62E6-2DAE-4723-926D-D3E9597B5213}.Debug|x86.ActiveCfg = Debug|Any CPU
		{964A62E6-2DAE-4723-926D-D3E9597B5213}.Debug|x86.Build.0 = Debug|Any CPU
		{964A62E6-2DAE-4723-926D-D3E9597B5213}.Release|Any CPU.ActiveCfg = Release|Any CPU
		{964A62E6-2DAE-4723-926D-D3E9597B5213}.Release|Any CPU.Build.0 = Release|Any CPU
		{964A62E6-2DAE-4723-926D-D3E9597B5213}.Release|x64.ActiveCfg = Release|Any CPU
		{964A62E6-2DAE-4723-926D-D3E9597B5213}.Release|x64.Build.0 = Release|Any CPU
		{964A62E6-2DAE-4723-926D-D3E9597B5213}.Release|x86.ActiveCfg = Release|Any CPU
		{964A62E6-2DAE-4723-926D-D3E9597B5213}.Release|x86.Build.0 = Release|Any CPU
		{2A705C96-21D4-4061-876F-1BB954E39D25}.Debug|Any CPU.ActiveCfg = Debug|Any CPU
		{2A705C96-21D4-4061-876F-1BB954E39D25}.Debug|Any CPU.Build.0 = Debug|Any CPU
		{2A705C96-21D4-4061-876F-1BB954E39D25}.Debug|x64.ActiveCfg = Debug|Any CPU
		{2A705C96-21D4-4061-876F-1BB954E39D25}.Debug|x64.Build.0 = Debug|Any CPU
		{2A705C96-21D4-4061-876F-1BB954E39D25}.Debug|x86.ActiveCfg = Debug|Any CPU
		{2A705C96-21D4-4061-876F-1BB954E39D25}.Debug|x86.Build.0 = Debug|Any CPU
		{2A705C96-21D4-4061-876F-1BB954E39D25}.Release|Any CPU.ActiveCfg = Release|Any CPU
		{2A705C96-21D4-4061-876F-1BB954E39D25}.Release|Any CPU.Build.0 = Release|Any CPU
		{2A705C96-21D4-4061-876F-1BB954E39D25}.Release|x64.ActiveCfg = Release|Any CPU
		{2A705C96-21D4-4061-876F-1BB954E39D25}.Release|x64.Build.0 = Release|Any CPU
		{2A705C96-21D4-4061-876F-1BB954E39D25}.Release|x86.ActiveCfg = Release|Any CPU
		{2A705C96-21D4-4061-876F-1BB954E39D25}.Release|x86.Build.0 = Release|Any CPU
		{29861D1A-968C-49CA-A637-88B391AA5063}.Debug|Any CPU.ActiveCfg = Debug|Any CPU
		{29861D1A-968C-49CA-A637-88B391AA5063}.Debug|Any CPU.Build.0 = Debug|Any CPU
		{29861D1A-968C-49CA-A637-88B391AA5063}.Debug|x64.ActiveCfg = Debug|Any CPU
		{29861D1A-968C-49CA-A637-88B391AA5063}.Debug|x64.Build.0 = Debug|Any CPU
		{29861D1A-968C-49CA-A637-88B391AA5063}.Debug|x86.ActiveCfg = Debug|Any CPU
		{29861D1A-968C-49CA-A637-88B391AA5063}.Debug|x86.Build.0 = Debug|Any CPU
		{29861D1A-968C-49CA-A637-88B391AA5063}.Release|Any CPU.ActiveCfg = Release|Any CPU
		{29861D1A-968C-49CA-A637-88B391AA5063}.Release|Any CPU.Build.0 = Release|Any CPU
		{29861D1A-968C-49CA-A637-88B391AA5063}.Release|x64.ActiveCfg = Release|Any CPU
		{29861D1A-968C-49CA-A637-88B391AA5063}.Release|x64.Build.0 = Release|Any CPU
		{29861D1A-968C-49CA-A637-88B391AA5063}.Release|x86.ActiveCfg = Release|Any CPU
		{29861D1A-968C-49CA-A637-88B391AA5063}.Release|x86.Build.0 = Release|Any CPU
		{865C8B13-EB43-439E-9D69-CE7B54DCA4FF}.Debug|Any CPU.ActiveCfg = Debug|Any CPU
		{865C8B13-EB43-439E-9D69-CE7B54DCA4FF}.Debug|Any CPU.Build.0 = Debug|Any CPU
		{865C8B13-EB43-439E-9D69-CE7B54DCA4FF}.Debug|x64.ActiveCfg = Debug|Any CPU
		{865C8B13-EB43-439E-9D69-CE7B54DCA4FF}.Debug|x64.Build.0 = Debug|Any CPU
		{865C8B13-EB43-439E-9D69-CE7B54DCA4FF}.Debug|x86.ActiveCfg = Debug|Any CPU
		{865C8B13-EB43-439E-9D69-CE7B54DCA4FF}.Debug|x86.Build.0 = Debug|Any CPU
		{865C8B13-EB43-439E-9D69-CE7B54DCA4FF}.Release|Any CPU.ActiveCfg = Release|Any CPU
		{865C8B13-EB43-439E-9D69-CE7B54DCA4FF}.Release|Any CPU.Build.0 = Release|Any CPU
		{865C8B13-EB43-439E-9D69-CE7B54DCA4FF}.Release|x64.ActiveCfg = Release|Any CPU
		{865C8B13-EB43-439E-9D69-CE7B54DCA4FF}.Release|x64.Build.0 = Release|Any CPU
		{865C8B13-EB43-439E-9D69-CE7B54DCA4FF}.Release|x86.ActiveCfg = Release|Any CPU
		{865C8B13-EB43-439E-9D69-CE7B54DCA4FF}.Release|x86.Build.0 = Release|Any CPU
	EndGlobalSection
	GlobalSection(SolutionProperties) = preSolution
		HideSolutionNode = FALSE
	EndGlobalSection
	GlobalSection(NestedProjects) = preSolution
		{2FEC04A2-5DD2-453E-8EF9-EA233C486090} = {D9E0722B-A07D-43BC-83D0-96D7C25B494B}
		{A96DD980-2FE0-4791-A9E6-82C746AC2E75} = {D9E0722B-A07D-43BC-83D0-96D7C25B494B}
		{F9FF042F-F6E6-4C36-A917-34BF0F5AB187} = {A96DD980-2FE0-4791-A9E6-82C746AC2E75}
		{DEC4BFB0-14CD-4622-B1E0-AC97ACA64F8F} = {A96DD980-2FE0-4791-A9E6-82C746AC2E75}
		{2129FDC5-E2D2-4CBF-8303-5EA81AEDDDCE} = {D9E0722B-A07D-43BC-83D0-96D7C25B494B}
		{D202B61E-A658-4208-83FC-745E04F43BDE} = {2129FDC5-E2D2-4CBF-8303-5EA81AEDDDCE}
		{964A62E6-2DAE-4723-926D-D3E9597B5213} = {2129FDC5-E2D2-4CBF-8303-5EA81AEDDDCE}
		{2A705C96-21D4-4061-876F-1BB954E39D25} = {2129FDC5-E2D2-4CBF-8303-5EA81AEDDDCE}
		{29861D1A-968C-49CA-A637-88B391AA5063} = {D9E0722B-A07D-43BC-83D0-96D7C25B494B}
		{865C8B13-EB43-439E-9D69-CE7B54DCA4FF} = {2FEC04A2-5DD2-453E-8EF9-EA233C486090}
	EndGlobalSection
EndGlobal
